
Microsoft Visual Studio Solution File, Format Version 12.00
# Visual Studio Version 16
VisualStudioVersion = 16.0.31624.102
MinimumVisualStudioVersion = 10.0.40219.1
Project("{FAE04EC0-301F-11D3-BF4B-00C04F79EFBC}") = "BasicRepositorySoftDelete", "BasicRepositorySoftDelete\BasicRepositorySoftDelete.csproj", "{425AB4D8-F478-4F42-9DD3-DC6301AC59C9}"
EndProject
Global
	GlobalSection(SolutionConfigurationPlatforms) = preSolution
		Debug|Any CPU = Debug|Any CPU
		Release|Any CPU = Release|Any CPU
	EndGlobalSection
	GlobalSection(ProjectConfigurationPlatforms) = postSolution
		{425AB4D8-F478-4F42-9DD3-DC6301AC59C9}.Debug|Any CPU.ActiveCfg = Debug|Any CPU
		{425AB4D8-F478-4F42-9DD3-DC6301AC59C9}.Debug|Any CPU.Build.0 = Debug|Any CPU
		{425AB4D8-F478-4F42-9DD3-DC6301AC59C9}.Release|Any CPU.ActiveCfg = Release|Any CPU
		{425AB4D8-F478-4F42-9DD3-DC6301AC59C9}.Release|Any CPU.Build.0 = Release|Any CPU
	EndGlobalSection
	GlobalSection(SolutionProperties) = preSolution
		HideSolutionNode = FALSE
	EndGlobalSection
	GlobalSection(ExtensibilityGlobals) = postSolution
		SolutionGuid = {DD67B946-8909-4FB3-87C8-16E07C1A2EC7}
	EndGlobalSection
EndGlobal
