
Microsoft Visual Studio Solution File, Format Version 12.00
# Visual Studio Version 16
VisualStudioVersion = 16.0.31624.102
MinimumVisualStudioVersion = 10.0.40219.1
Project("{FAE04EC0-301F-11D3-BF4B-00C04F79EFBC}") = "Framework", "Framework\Framework.csproj", "{C2563252-9996-4FBF-8D87-8187F2E36294}"
EndProject
Project("{FAE04EC0-301F-11D3-BF4B-00C04F79EFBC}") = "MVCproje", "MVCproje\MVCproje.csproj", "{CCACAB9D-E452-4ED8-9922-46D250781626}"
EndProject
Global
	GlobalSection(SolutionConfigurationPlatforms) = preSolution
		Debug|Any CPU = Debug|Any CPU
		Release|Any CPU = Release|Any CPU
	EndGlobalSection
	GlobalSection(ProjectConfigurationPlatforms) = postSolution
		{C2563252-9996-4FBF-8D87-8187F2E36294}.Debug|Any CPU.ActiveCfg = Debug|Any CPU
		{C2563252-9996-4FBF-8D87-8187F2E36294}.Debug|Any CPU.Build.0 = Debug|Any CPU
		{C2563252-9996-4FBF-8D87-8187F2E36294}.Release|Any CPU.ActiveCfg = Release|Any CPU
		{C2563252-9996-4FBF-8D87-8187F2E36294}.Release|Any CPU.Build.0 = Release|Any CPU
		{CCACAB9D-E452-4ED8-9922-46D250781626}.Debug|Any CPU.ActiveCfg = Debug|Any CPU
		{CCACAB9D-E452-4ED8-9922-46D250781626}.Debug|Any CPU.Build.0 = Debug|Any CPU
		{CCACAB9D-E452-4ED8-9922-46D250781626}.Release|Any CPU.ActiveCfg = Release|Any CPU
		{CCACAB9D-E452-4ED8-9922-46D250781626}.Release|Any CPU.Build.0 = Release|Any CPU
	EndGlobalSection
	GlobalSection(SolutionProperties) = preSolution
		HideSolutionNode = FALSE
	EndGlobalSection
	GlobalSection(ExtensibilityGlobals) = postSolution
		SolutionGuid = {A3C337B7-04B8-4662-B346-5414D43F6EA3}
	EndGlobalSection
EndGlobal
