
Microsoft Visual Studio Solution File, Format Version 12.00
# Visual Studio Version 16
VisualStudioVersion = 16.0.31624.102
MinimumVisualStudioVersion = 10.0.40219.1
Project("{FAE04EC0-301F-11D3-BF4B-00C04F79EFBC}") = "PersonelDBCodeFirst", "PersonelDBCodeFirst\PersonelDBCodeFirst.csproj", "{465F58EF-DC1F-48B2-AF4A-8BB1461291A4}"
EndProject
Global
	GlobalSection(SolutionConfigurationPlatforms) = preSolution
		Debug|Any CPU = Debug|Any CPU
		Release|Any CPU = Release|Any CPU
	EndGlobalSection
	GlobalSection(ProjectConfigurationPlatforms) = postSolution
		{465F58EF-DC1F-48B2-AF4A-8BB1461291A4}.Debug|Any CPU.ActiveCfg = Debug|Any CPU
		{465F58EF-DC1F-48B2-AF4A-8BB1461291A4}.Debug|Any CPU.Build.0 = Debug|Any CPU
		{465F58EF-DC1F-48B2-AF4A-8BB1461291A4}.Release|Any CPU.ActiveCfg = Release|Any CPU
		{465F58EF-DC1F-48B2-AF4A-8BB1461291A4}.Release|Any CPU.Build.0 = Release|Any CPU
	EndGlobalSection
	GlobalSection(SolutionProperties) = preSolution
		HideSolutionNode = FALSE
	EndGlobalSection
	GlobalSection(ExtensibilityGlobals) = postSolution
		SolutionGuid = {699012D0-996C-49FA-819E-EBBCEEAC636C}
	EndGlobalSection
EndGlobal
