
Microsoft Visual Studio Solution File, Format Version 12.00
# Visual Studio Version 16
VisualStudioVersion = 16.0.31624.102
MinimumVisualStudioVersion = 10.0.40219.1
Project("{FAE04EC0-301F-11D3-BF4B-00C04F79EFBC}") = "Reflection", "Reflection\Reflection.csproj", "{D4DABE4F-4595-451A-B911-D8D011DAFF4C}"
EndProject
Global
	GlobalSection(SolutionConfigurationPlatforms) = preSolution
		Debug|Any CPU = Debug|Any CPU
		Release|Any CPU = Release|Any CPU
	EndGlobalSection
	GlobalSection(ProjectConfigurationPlatforms) = postSolution
		{D4DABE4F-4595-451A-B911-D8D011DAFF4C}.Debug|Any CPU.ActiveCfg = Debug|Any CPU
		{D4DABE4F-4595-451A-B911-D8D011DAFF4C}.Debug|Any CPU.Build.0 = Debug|Any CPU
		{D4DABE4F-4595-451A-B911-D8D011DAFF4C}.Release|Any CPU.ActiveCfg = Release|Any CPU
		{D4DABE4F-4595-451A-B911-D8D011DAFF4C}.Release|Any CPU.Build.0 = Release|Any CPU
	EndGlobalSection
	GlobalSection(SolutionProperties) = preSolution
		HideSolutionNode = FALSE
	EndGlobalSection
	GlobalSection(ExtensibilityGlobals) = postSolution
		SolutionGuid = {AD7B87AE-2BE8-454F-801A-44BA6A8C7B53}
	EndGlobalSection
EndGlobal
